
Microsoft Visual Studio Solution File, Format Version 12.00
# Visual Studio 2013
VisualStudioVersion = 12.0.31101.0
MinimumVisualStudioVersion = 10.0.40219.1
Project("{FAE04EC0-301F-11D3-BF4B-00C04F79EFBC}") = "ModuleOne", "Dev204xProgrammingWithCSharp\ModuleOne.csproj", "{4AC2EA33-E54E-4ECE-A0A0-C6295EA4DB47}"
EndProject
Project("{2150E333-8FDC-42A3-9474-1A3956D46DE8}") = "HandsOn", "HandsOn", "{8E6C2590-D87C-445F-9150-883B89DAD4E6}"
EndProject
Project("{2150E333-8FDC-42A3-9474-1A3956D46DE8}") = "ModuleOne", "ModuleOne", "{E448B088-D6C5-41F3-871B-63F60BE29995}"
EndProject
Project("{2150E333-8FDC-42A3-9474-1A3956D46DE8}") = "Docs", "Docs", "{32F2C1BC-93DE-44C0-AA3F-68A55158B3F7}"
	ProjectSection(SolutionItems) = preProject
		HandsOn\ModuleOne\Docs\Data_Types_Practice.docx = HandsOn\ModuleOne\Docs\Data_Types_Practice.docx
		HandsOn\ModuleOne\Docs\Operators_Practice.docx = HandsOn\ModuleOne\Docs\Operators_Practice.docx
	EndProjectSection
EndProject
Project("{FAE04EC0-301F-11D3-BF4B-00C04F79EFBC}") = "PrimitiveDataTypes (Win7)", "HandsOn\ModuleOne\Win7\PrimitiveDataTypes\PrimitiveDataTypes (Win7).csproj", "{E8B29919-86B6-4AA2-A90A-D1E2AA687A9C}"
EndProject
Project("{FAE04EC0-301F-11D3-BF4B-00C04F79EFBC}") = "MathsOperators (Win7)", "HandsOn\ModuleOne\Win7\MathsOperators\MathsOperators (Win7).csproj", "{EBD3FB65-7AD7-4889-BB26-963CFE64EED4}"
EndProject
Project("{FAE04EC0-301F-11D3-BF4B-00C04F79EFBC}") = "MathsOperators", "HandsOn\ModuleOne\Win8.1\MathsOperators\MathsOperators.csproj", "{0A41BA60-12B2-4587-935C-2AA07B37C952}"
EndProject
Project("{2150E333-8FDC-42A3-9474-1A3956D46DE8}") = "Assignments", "Assignments", "{D087B801-CE45-4A0A-8810-4B4CD32876FC}"
EndProject
Project("{2150E333-8FDC-42A3-9474-1A3956D46DE8}") = "ModuleOne", "ModuleOne", "{6F3AE90E-5E64-4D59-BCC6-6F3BC4AB650E}"
EndProject
Project("{FAE04EC0-301F-11D3-BF4B-00C04F79EFBC}") = "ModuleOneAssignment", "ModuleOneAssignment\ModuleOneAssignment.csproj", "{7E85640C-47DE-43A7-82BA-F21B557955B6}"
EndProject
Project("{2150E333-8FDC-42A3-9474-1A3956D46DE8}") = "Playground", "Playground", "{8365D909-A3E5-41C9-AB93-D51B3212805A}"
EndProject
Project("{FAE04EC0-301F-11D3-BF4B-00C04F79EFBC}") = "PrimitiveDataTypes", "HandsOn\ModuleOne\Win8.1\PrimitiveDataTypes\PrimitiveDataTypes.csproj", "{25032C7C-EC31-4D3E-B9CD-9DF796655989}"
EndProject
Global
	GlobalSection(SolutionConfigurationPlatforms) = preSolution
		Debug|Any CPU = Debug|Any CPU
		Debug|ARM = Debug|ARM
		Debug|x64 = Debug|x64
		Debug|x86 = Debug|x86
		Release|Any CPU = Release|Any CPU
		Release|ARM = Release|ARM
		Release|x64 = Release|x64
		Release|x86 = Release|x86
	EndGlobalSection
	GlobalSection(ProjectConfigurationPlatforms) = postSolution
		{4AC2EA33-E54E-4ECE-A0A0-C6295EA4DB47}.Debug|Any CPU.ActiveCfg = Debug|Any CPU
		{4AC2EA33-E54E-4ECE-A0A0-C6295EA4DB47}.Debug|Any CPU.Build.0 = Debug|Any CPU
		{4AC2EA33-E54E-4ECE-A0A0-C6295EA4DB47}.Debug|ARM.ActiveCfg = Debug|Any CPU
		{4AC2EA33-E54E-4ECE-A0A0-C6295EA4DB47}.Debug|x64.ActiveCfg = Debug|Any CPU
		{4AC2EA33-E54E-4ECE-A0A0-C6295EA4DB47}.Debug|x86.ActiveCfg = Debug|Any CPU
		{4AC2EA33-E54E-4ECE-A0A0-C6295EA4DB47}.Release|Any CPU.ActiveCfg = Release|Any CPU
		{4AC2EA33-E54E-4ECE-A0A0-C6295EA4DB47}.Release|Any CPU.Build.0 = Release|Any CPU
		{4AC2EA33-E54E-4ECE-A0A0-C6295EA4DB47}.Release|ARM.ActiveCfg = Release|Any CPU
		{4AC2EA33-E54E-4ECE-A0A0-C6295EA4DB47}.Release|x64.ActiveCfg = Release|Any CPU
		{4AC2EA33-E54E-4ECE-A0A0-C6295EA4DB47}.Release|x86.ActiveCfg = Release|Any CPU
		{E8B29919-86B6-4AA2-A90A-D1E2AA687A9C}.Debug|Any CPU.ActiveCfg = Debug|Any CPU
		{E8B29919-86B6-4AA2-A90A-D1E2AA687A9C}.Debug|Any CPU.Build.0 = Debug|Any CPU
		{E8B29919-86B6-4AA2-A90A-D1E2AA687A9C}.Debug|ARM.ActiveCfg = Debug|Any CPU
		{E8B29919-86B6-4AA2-A90A-D1E2AA687A9C}.Debug|x64.ActiveCfg = Debug|Any CPU
		{E8B29919-86B6-4AA2-A90A-D1E2AA687A9C}.Debug|x86.ActiveCfg = Debug|Any CPU
		{E8B29919-86B6-4AA2-A90A-D1E2AA687A9C}.Release|Any CPU.ActiveCfg = Release|Any CPU
		{E8B29919-86B6-4AA2-A90A-D1E2AA687A9C}.Release|Any CPU.Build.0 = Release|Any CPU
		{E8B29919-86B6-4AA2-A90A-D1E2AA687A9C}.Release|ARM.ActiveCfg = Release|Any CPU
		{E8B29919-86B6-4AA2-A90A-D1E2AA687A9C}.Release|x64.ActiveCfg = Release|Any CPU
		{E8B29919-86B6-4AA2-A90A-D1E2AA687A9C}.Release|x86.ActiveCfg = Release|Any CPU
		{EBD3FB65-7AD7-4889-BB26-963CFE64EED4}.Debug|Any CPU.ActiveCfg = Debug|Any CPU
		{EBD3FB65-7AD7-4889-BB26-963CFE64EED4}.Debug|Any CPU.Build.0 = Debug|Any CPU
		{EBD3FB65-7AD7-4889-BB26-963CFE64EED4}.Debug|ARM.ActiveCfg = Debug|Any CPU
		{EBD3FB65-7AD7-4889-BB26-963CFE64EED4}.Debug|x64.ActiveCfg = Debug|Any CPU
		{EBD3FB65-7AD7-4889-BB26-963CFE64EED4}.Debug|x86.ActiveCfg = Debug|Any CPU
		{EBD3FB65-7AD7-4889-BB26-963CFE64EED4}.Release|Any CPU.ActiveCfg = Release|Any CPU
		{EBD3FB65-7AD7-4889-BB26-963CFE64EED4}.Release|Any CPU.Build.0 = Release|Any CPU
		{EBD3FB65-7AD7-4889-BB26-963CFE64EED4}.Release|ARM.ActiveCfg = Release|Any CPU
		{EBD3FB65-7AD7-4889-BB26-963CFE64EED4}.Release|x64.ActiveCfg = Release|Any CPU
		{EBD3FB65-7AD7-4889-BB26-963CFE64EED4}.Release|x86.ActiveCfg = Release|Any CPU
		{0A41BA60-12B2-4587-935C-2AA07B37C952}.Debug|Any CPU.ActiveCfg = Debug|Any CPU
		{0A41BA60-12B2-4587-935C-2AA07B37C952}.Debug|Any CPU.Build.0 = Debug|Any CPU
		{0A41BA60-12B2-4587-935C-2AA07B37C952}.Debug|Any CPU.Deploy.0 = Debug|Any CPU
		{0A41BA60-12B2-4587-935C-2AA07B37C952}.Debug|ARM.ActiveCfg = Debug|ARM
		{0A41BA60-12B2-4587-935C-2AA07B37C952}.Debug|ARM.Build.0 = Debug|ARM
		{0A41BA60-12B2-4587-935C-2AA07B37C952}.Debug|ARM.Deploy.0 = Debug|ARM
		{0A41BA60-12B2-4587-935C-2AA07B37C952}.Debug|x64.ActiveCfg = Debug|x64
		{0A41BA60-12B2-4587-935C-2AA07B37C952}.Debug|x64.Build.0 = Debug|x64
		{0A41BA60-12B2-4587-935C-2AA07B37C952}.Debug|x64.Deploy.0 = Debug|x64
		{0A41BA60-12B2-4587-935C-2AA07B37C952}.Debug|x86.ActiveCfg = Debug|x86
		{0A41BA60-12B2-4587-935C-2AA07B37C952}.Debug|x86.Build.0 = Debug|x86
		{0A41BA60-12B2-4587-935C-2AA07B37C952}.Debug|x86.Deploy.0 = Debug|x86
		{0A41BA60-12B2-4587-935C-2AA07B37C952}.Release|Any CPU.ActiveCfg = Release|Any CPU
		{0A41BA60-12B2-4587-935C-2AA07B37C952}.Release|Any CPU.Build.0 = Release|Any CPU
		{0A41BA60-12B2-4587-935C-2AA07B37C952}.Release|Any CPU.Deploy.0 = Release|Any CPU
		{0A41BA60-12B2-4587-935C-2AA07B37C952}.Release|ARM.ActiveCfg = Release|ARM
		{0A41BA60-12B2-4587-935C-2AA07B37C952}.Release|ARM.Build.0 = Release|ARM
		{0A41BA60-12B2-4587-935C-2AA07B37C952}.Release|ARM.Deploy.0 = Release|ARM
		{0A41BA60-12B2-4587-935C-2AA07B37C952}.Release|x64.ActiveCfg = Release|x64
		{0A41BA60-12B2-4587-935C-2AA07B37C952}.Release|x64.Build.0 = Release|x64
		{0A41BA60-12B2-4587-935C-2AA07B37C952}.Release|x64.Deploy.0 = Release|x64
		{0A41BA60-12B2-4587-935C-2AA07B37C952}.Release|x86.ActiveCfg = Release|x86
		{0A41BA60-12B2-4587-935C-2AA07B37C952}.Release|x86.Build.0 = Release|x86
		{0A41BA60-12B2-4587-935C-2AA07B37C952}.Release|x86.Deploy.0 = Release|x86
		{7E85640C-47DE-43A7-82BA-F21B557955B6}.Debug|Any CPU.ActiveCfg = Debug|Any CPU
		{7E85640C-47DE-43A7-82BA-F21B557955B6}.Debug|Any CPU.Build.0 = Debug|Any CPU
		{7E85640C-47DE-43A7-82BA-F21B557955B6}.Debug|ARM.ActiveCfg = Debug|Any CPU
		{7E85640C-47DE-43A7-82BA-F21B557955B6}.Debug|x64.ActiveCfg = Debug|Any CPU
		{7E85640C-47DE-43A7-82BA-F21B557955B6}.Debug|x86.ActiveCfg = Debug|Any CPU
		{7E85640C-47DE-43A7-82BA-F21B557955B6}.Release|Any CPU.ActiveCfg = Release|Any CPU
		{7E85640C-47DE-43A7-82BA-F21B557955B6}.Release|Any CPU.Build.0 = Release|Any CPU
		{7E85640C-47DE-43A7-82BA-F21B557955B6}.Release|ARM.ActiveCfg = Release|Any CPU
		{7E85640C-47DE-43A7-82BA-F21B557955B6}.Release|x64.ActiveCfg = Release|Any CPU
		{7E85640C-47DE-43A7-82BA-F21B557955B6}.Release|x86.ActiveCfg = Release|Any CPU
		{25032C7C-EC31-4D3E-B9CD-9DF796655989}.Debug|Any CPU.ActiveCfg = Debug|Any CPU
		{25032C7C-EC31-4D3E-B9CD-9DF796655989}.Debug|Any CPU.Build.0 = Debug|Any CPU
		{25032C7C-EC31-4D3E-B9CD-9DF796655989}.Debug|Any CPU.Deploy.0 = Debug|Any CPU
		{25032C7C-EC31-4D3E-B9CD-9DF796655989}.Debug|ARM.ActiveCfg = Debug|ARM
		{25032C7C-EC31-4D3E-B9CD-9DF796655989}.Debug|ARM.Build.0 = Debug|ARM
		{25032C7C-EC31-4D3E-B9CD-9DF796655989}.Debug|ARM.Deploy.0 = Debug|ARM
		{25032C7C-EC31-4D3E-B9CD-9DF796655989}.Debug|x64.ActiveCfg = Debug|x64
		{25032C7C-EC31-4D3E-B9CD-9DF796655989}.Debug|x64.Build.0 = Debug|x64
		{25032C7C-EC31-4D3E-B9CD-9DF796655989}.Debug|x64.Deploy.0 = Debug|x64
		{25032C7C-EC31-4D3E-B9CD-9DF796655989}.Debug|x86.ActiveCfg = Debug|x86
		{25032C7C-EC31-4D3E-B9CD-9DF796655989}.Debug|x86.Build.0 = Debug|x86
		{25032C7C-EC31-4D3E-B9CD-9DF796655989}.Debug|x86.Deploy.0 = Debug|x86
		{25032C7C-EC31-4D3E-B9CD-9DF796655989}.Release|Any CPU.ActiveCfg = Release|Any CPU
		{25032C7C-EC31-4D3E-B9CD-9DF796655989}.Release|Any CPU.Build.0 = Release|Any CPU
		{25032C7C-EC31-4D3E-B9CD-9DF796655989}.Release|Any CPU.Deploy.0 = Release|Any CPU
		{25032C7C-EC31-4D3E-B9CD-9DF796655989}.Release|ARM.ActiveCfg = Release|ARM
		{25032C7C-EC31-4D3E-B9CD-9DF796655989}.Release|ARM.Build.0 = Release|ARM
		{25032C7C-EC31-4D3E-B9CD-9DF796655989}.Release|ARM.Deploy.0 = Release|ARM
		{25032C7C-EC31-4D3E-B9CD-9DF796655989}.Release|x64.ActiveCfg = Release|x64
		{25032C7C-EC31-4D3E-B9CD-9DF796655989}.Release|x64.Build.0 = Release|x64
		{25032C7C-EC31-4D3E-B9CD-9DF796655989}.Release|x64.Deploy.0 = Release|x64
		{25032C7C-EC31-4D3E-B9CD-9DF796655989}.Release|x86.ActiveCfg = Release|x86
		{25032C7C-EC31-4D3E-B9CD-9DF796655989}.Release|x86.Build.0 = Release|x86
		{25032C7C-EC31-4D3E-B9CD-9DF796655989}.Release|x86.Deploy.0 = Release|x86
	EndGlobalSection
	GlobalSection(SolutionProperties) = preSolution
		HideSolutionNode = FALSE
	EndGlobalSection
	GlobalSection(NestedProjects) = preSolution
		{4AC2EA33-E54E-4ECE-A0A0-C6295EA4DB47} = {8365D909-A3E5-41C9-AB93-D51B3212805A}
		{E448B088-D6C5-41F3-871B-63F60BE29995} = {8E6C2590-D87C-445F-9150-883B89DAD4E6}
		{32F2C1BC-93DE-44C0-AA3F-68A55158B3F7} = {E448B088-D6C5-41F3-871B-63F60BE29995}
		{E8B29919-86B6-4AA2-A90A-D1E2AA687A9C} = {E448B088-D6C5-41F3-871B-63F60BE29995}
		{EBD3FB65-7AD7-4889-BB26-963CFE64EED4} = {E448B088-D6C5-41F3-871B-63F60BE29995}
		{0A41BA60-12B2-4587-935C-2AA07B37C952} = {E448B088-D6C5-41F3-871B-63F60BE29995}
		{6F3AE90E-5E64-4D59-BCC6-6F3BC4AB650E} = {D087B801-CE45-4A0A-8810-4B4CD32876FC}
		{7E85640C-47DE-43A7-82BA-F21B557955B6} = {6F3AE90E-5E64-4D59-BCC6-6F3BC4AB650E}
		{25032C7C-EC31-4D3E-B9CD-9DF796655989} = {E448B088-D6C5-41F3-871B-63F60BE29995}
	EndGlobalSection
EndGlobal
