
Microsoft Visual Studio Solution File, Format Version 12.00
# Visual Studio 2013
VisualStudioVersion = 12.0.31101.0
MinimumVisualStudioVersion = 10.0.40219.1
Project("{FAE04EC0-301F-11D3-BF4B-00C04F79EFBC}") = "ModuleOne", "Dev204xProgrammingWithCSharp\ModuleOne.csproj", "{4AC2EA33-E54E-4ECE-A0A0-C6295EA4DB47}"
EndProject
Project("{2150E333-8FDC-42A3-9474-1A3956D46DE8}") = "Assignments", "Assignments", "{D087B801-CE45-4A0A-8810-4B4CD32876FC}"
EndProject
Project("{2150E333-8FDC-42A3-9474-1A3956D46DE8}") = "ModuleOne", "ModuleOne", "{6F3AE90E-5E64-4D59-BCC6-6F3BC4AB650E}"
EndProject
Project("{FAE04EC0-301F-11D3-BF4B-00C04F79EFBC}") = "ModuleOneAssignment", "ModuleOneAssignment\ModuleOneAssignment.csproj", "{7E85640C-47DE-43A7-82BA-F21B557955B6}"
EndProject
Project("{2150E333-8FDC-42A3-9474-1A3956D46DE8}") = "Playground", "Playground", "{8365D909-A3E5-41C9-AB93-D51B3212805A}"
EndProject
Project("{2150E333-8FDC-42A3-9474-1A3956D46DE8}") = "ModuleTwo", "ModuleTwo", "{141DCBB3-9796-4FB1-A011-3ECB1432BA12}"
EndProject
Project("{FAE04EC0-301F-11D3-BF4B-00C04F79EFBC}") = "ModuleTwoAssignment", "ModuleTwoAssignment\ModuleTwoAssignment.csproj", "{3B077D8C-C836-41CF-8A90-FB9E645FBEF9}"
EndProject
Project("{FAE04EC0-301F-11D3-BF4B-00C04F79EFBC}") = "ModuleTwo", "ModuleTwo\ModuleTwo.csproj", "{C15F2E61-8B1E-4C1A-BACE-F28E176AB584}"
EndProject
Project("{FAE04EC0-301F-11D3-BF4B-00C04F79EFBC}") = "ModuleThree", "ModuleThree\ModuleThree.csproj", "{AD028C61-AB93-49A9-BEA5-D82199E2FE79}"
EndProject
Global
	GlobalSection(SolutionConfigurationPlatforms) = preSolution
		Debug|Any CPU = Debug|Any CPU
		Debug|ARM = Debug|ARM
		Debug|x64 = Debug|x64
		Debug|x86 = Debug|x86
		Release|Any CPU = Release|Any CPU
		Release|ARM = Release|ARM
		Release|x64 = Release|x64
		Release|x86 = Release|x86
	EndGlobalSection
	GlobalSection(ProjectConfigurationPlatforms) = postSolution
		{4AC2EA33-E54E-4ECE-A0A0-C6295EA4DB47}.Debug|Any CPU.ActiveCfg = Debug|Any CPU
		{4AC2EA33-E54E-4ECE-A0A0-C6295EA4DB47}.Debug|Any CPU.Build.0 = Debug|Any CPU
		{4AC2EA33-E54E-4ECE-A0A0-C6295EA4DB47}.Debug|ARM.ActiveCfg = Debug|Any CPU
		{4AC2EA33-E54E-4ECE-A0A0-C6295EA4DB47}.Debug|x64.ActiveCfg = Debug|Any CPU
		{4AC2EA33-E54E-4ECE-A0A0-C6295EA4DB47}.Debug|x86.ActiveCfg = Debug|Any CPU
		{4AC2EA33-E54E-4ECE-A0A0-C6295EA4DB47}.Release|Any CPU.ActiveCfg = Release|Any CPU
		{4AC2EA33-E54E-4ECE-A0A0-C6295EA4DB47}.Release|Any CPU.Build.0 = Release|Any CPU
		{4AC2EA33-E54E-4ECE-A0A0-C6295EA4DB47}.Release|ARM.ActiveCfg = Release|Any CPU
		{4AC2EA33-E54E-4ECE-A0A0-C6295EA4DB47}.Release|x64.ActiveCfg = Release|Any CPU
		{4AC2EA33-E54E-4ECE-A0A0-C6295EA4DB47}.Release|x86.ActiveCfg = Release|Any CPU
		{7E85640C-47DE-43A7-82BA-F21B557955B6}.Debug|Any CPU.ActiveCfg = Debug|Any CPU
		{7E85640C-47DE-43A7-82BA-F21B557955B6}.Debug|Any CPU.Build.0 = Debug|Any CPU
		{7E85640C-47DE-43A7-82BA-F21B557955B6}.Debug|ARM.ActiveCfg = Debug|Any CPU
		{7E85640C-47DE-43A7-82BA-F21B557955B6}.Debug|x64.ActiveCfg = Debug|Any CPU
		{7E85640C-47DE-43A7-82BA-F21B557955B6}.Debug|x86.ActiveCfg = Debug|Any CPU
		{7E85640C-47DE-43A7-82BA-F21B557955B6}.Release|Any CPU.ActiveCfg = Release|Any CPU
		{7E85640C-47DE-43A7-82BA-F21B557955B6}.Release|Any CPU.Build.0 = Release|Any CPU
		{7E85640C-47DE-43A7-82BA-F21B557955B6}.Release|ARM.ActiveCfg = Release|Any CPU
		{7E85640C-47DE-43A7-82BA-F21B557955B6}.Release|x64.ActiveCfg = Release|Any CPU
		{7E85640C-47DE-43A7-82BA-F21B557955B6}.Release|x86.ActiveCfg = Release|Any CPU
		{3B077D8C-C836-41CF-8A90-FB9E645FBEF9}.Debug|Any CPU.ActiveCfg = Debug|Any CPU
		{3B077D8C-C836-41CF-8A90-FB9E645FBEF9}.Debug|Any CPU.Build.0 = Debug|Any CPU
		{3B077D8C-C836-41CF-8A90-FB9E645FBEF9}.Debug|ARM.ActiveCfg = Debug|Any CPU
		{3B077D8C-C836-41CF-8A90-FB9E645FBEF9}.Debug|x64.ActiveCfg = Debug|Any CPU
		{3B077D8C-C836-41CF-8A90-FB9E645FBEF9}.Debug|x86.ActiveCfg = Debug|Any CPU
		{3B077D8C-C836-41CF-8A90-FB9E645FBEF9}.Release|Any CPU.ActiveCfg = Release|Any CPU
		{3B077D8C-C836-41CF-8A90-FB9E645FBEF9}.Release|Any CPU.Build.0 = Release|Any CPU
		{3B077D8C-C836-41CF-8A90-FB9E645FBEF9}.Release|ARM.ActiveCfg = Release|Any CPU
		{3B077D8C-C836-41CF-8A90-FB9E645FBEF9}.Release|x64.ActiveCfg = Release|Any CPU
		{3B077D8C-C836-41CF-8A90-FB9E645FBEF9}.Release|x86.ActiveCfg = Release|Any CPU
		{C15F2E61-8B1E-4C1A-BACE-F28E176AB584}.Debug|Any CPU.ActiveCfg = Debug|Any CPU
		{C15F2E61-8B1E-4C1A-BACE-F28E176AB584}.Debug|Any CPU.Build.0 = Debug|Any CPU
		{C15F2E61-8B1E-4C1A-BACE-F28E176AB584}.Debug|ARM.ActiveCfg = Debug|Any CPU
		{C15F2E61-8B1E-4C1A-BACE-F28E176AB584}.Debug|x64.ActiveCfg = Debug|Any CPU
		{C15F2E61-8B1E-4C1A-BACE-F28E176AB584}.Debug|x86.ActiveCfg = Debug|Any CPU
		{C15F2E61-8B1E-4C1A-BACE-F28E176AB584}.Release|Any CPU.ActiveCfg = Release|Any CPU
		{C15F2E61-8B1E-4C1A-BACE-F28E176AB584}.Release|Any CPU.Build.0 = Release|Any CPU
		{C15F2E61-8B1E-4C1A-BACE-F28E176AB584}.Release|ARM.ActiveCfg = Release|Any CPU
		{C15F2E61-8B1E-4C1A-BACE-F28E176AB584}.Release|x64.ActiveCfg = Release|Any CPU
		{C15F2E61-8B1E-4C1A-BACE-F28E176AB584}.Release|x86.ActiveCfg = Release|Any CPU
		{AD028C61-AB93-49A9-BEA5-D82199E2FE79}.Debug|Any CPU.ActiveCfg = Debug|Any CPU
		{AD028C61-AB93-49A9-BEA5-D82199E2FE79}.Debug|Any CPU.Build.0 = Debug|Any CPU
		{AD028C61-AB93-49A9-BEA5-D82199E2FE79}.Debug|ARM.ActiveCfg = Debug|Any CPU
		{AD028C61-AB93-49A9-BEA5-D82199E2FE79}.Debug|x64.ActiveCfg = Debug|Any CPU
		{AD028C61-AB93-49A9-BEA5-D82199E2FE79}.Debug|x86.ActiveCfg = Debug|Any CPU
		{AD028C61-AB93-49A9-BEA5-D82199E2FE79}.Release|Any CPU.ActiveCfg = Release|Any CPU
		{AD028C61-AB93-49A9-BEA5-D82199E2FE79}.Release|Any CPU.Build.0 = Release|Any CPU
		{AD028C61-AB93-49A9-BEA5-D82199E2FE79}.Release|ARM.ActiveCfg = Release|Any CPU
		{AD028C61-AB93-49A9-BEA5-D82199E2FE79}.Release|x64.ActiveCfg = Release|Any CPU
		{AD028C61-AB93-49A9-BEA5-D82199E2FE79}.Release|x86.ActiveCfg = Release|Any CPU
	EndGlobalSection
	GlobalSection(SolutionProperties) = preSolution
		HideSolutionNode = FALSE
	EndGlobalSection
	GlobalSection(NestedProjects) = preSolution
		{4AC2EA33-E54E-4ECE-A0A0-C6295EA4DB47} = {8365D909-A3E5-41C9-AB93-D51B3212805A}
		{6F3AE90E-5E64-4D59-BCC6-6F3BC4AB650E} = {D087B801-CE45-4A0A-8810-4B4CD32876FC}
		{7E85640C-47DE-43A7-82BA-F21B557955B6} = {6F3AE90E-5E64-4D59-BCC6-6F3BC4AB650E}
		{141DCBB3-9796-4FB1-A011-3ECB1432BA12} = {D087B801-CE45-4A0A-8810-4B4CD32876FC}
		{3B077D8C-C836-41CF-8A90-FB9E645FBEF9} = {141DCBB3-9796-4FB1-A011-3ECB1432BA12}
		{C15F2E61-8B1E-4C1A-BACE-F28E176AB584} = {8365D909-A3E5-41C9-AB93-D51B3212805A}
		{AD028C61-AB93-49A9-BEA5-D82199E2FE79} = {8365D909-A3E5-41C9-AB93-D51B3212805A}
	EndGlobalSection
EndGlobal
